
Microsoft Visual Studio Solution File, Format Version 12.00
# Visual Studio Version 17
VisualStudioVersion = 17.12.35506.116 d17.12
MinimumVisualStudioVersion = 10.0.40219.1
Project("{F184B08F-C81C-45F6-A57F-5ABD9991F28F}") = "minimalist-timer", "minimalist-timer\minimalist-timer.vbproj", "{65E25501-259D-440E-A6C6-B63CA56A24E8}"
EndProject
Global
	GlobalSection(SolutionConfigurationPlatforms) = preSolution
		Debug|Any CPU = Debug|Any CPU
		Release|Any CPU = Release|Any CPU
	EndGlobalSection
	GlobalSection(ProjectConfigurationPlatforms) = postSolution
		{65E25501-259D-440E-A6C6-B63CA56A24E8}.Debug|Any CPU.ActiveCfg = Debug|Any CPU
		{65E25501-259D-440E-A6C6-B63CA56A24E8}.Debug|Any CPU.Build.0 = Debug|Any CPU
		{65E25501-259D-440E-A6C6-B63CA56A24E8}.Release|Any CPU.ActiveCfg = Release|Any CPU
		{65E25501-259D-440E-A6C6-B63CA56A24E8}.Release|Any CPU.Build.0 = Release|Any CPU
	EndGlobalSection
	GlobalSection(SolutionProperties) = preSolution
		HideSolutionNode = FALSE
	EndGlobalSection
EndGlobal
